
Microsoft Visual Studio Solution File, Format Version 12.00
# Visual Studio Version 16
VisualStudioVersion = 25.0.1703.1
MinimumVisualStudioVersion = 10.0.40219.1
Project("{FAE04EC0-301F-11D3-BF4B-00C04F79EFBC}") = "GymHype", "GymHype.csproj", "{B1E25BAE-9C68-4E02-B2A8-E0CCD5799323}"
EndProject
Global
	GlobalSection(SolutionConfigurationPlatforms) = preSolution
		Debug|iPhoneSimulator = Debug|iPhoneSimulator
		Release|iPhoneSimulator = Release|iPhoneSimulator
		Debug|iPhone = Debug|iPhone
		Release|iPhone = Release|iPhone
	EndGlobalSection
	GlobalSection(ProjectConfigurationPlatforms) = postSolution
		{B1E25BAE-9C68-4E02-B2A8-E0CCD5799323}.Debug|iPhoneSimulator.ActiveCfg = Debug|iPhoneSimulator
		{B1E25BAE-9C68-4E02-B2A8-E0CCD5799323}.Debug|iPhoneSimulator.Build.0 = Debug|iPhoneSimulator
		{B1E25BAE-9C68-4E02-B2A8-E0CCD5799323}.Release|iPhoneSimulator.ActiveCfg = Release|iPhoneSimulator
		{B1E25BAE-9C68-4E02-B2A8-E0CCD5799323}.Release|iPhoneSimulator.Build.0 = Release|iPhoneSimulator
		{B1E25BAE-9C68-4E02-B2A8-E0CCD5799323}.Debug|iPhone.ActiveCfg = Debug|iPhone
		{B1E25BAE-9C68-4E02-B2A8-E0CCD5799323}.Debug|iPhone.Build.0 = Debug|iPhone
		{B1E25BAE-9C68-4E02-B2A8-E0CCD5799323}.Release|iPhone.ActiveCfg = Release|iPhone
		{B1E25BAE-9C68-4E02-B2A8-E0CCD5799323}.Release|iPhone.Build.0 = Release|iPhone
	EndGlobalSection
	GlobalSection(SolutionProperties) = preSolution
		HideSolutionNode = FALSE
	EndGlobalSection
	GlobalSection(ExtensibilityGlobals) = postSolution
		SolutionGuid = {52249698-F808-4BB9-87C5-AA25850DBEA5}
	EndGlobalSection
EndGlobal
